
Microsoft Visual Studio Solution File, Format Version 11.00
# Visual Studio 2010
Project("{FAE04EC0-301F-11D3-BF4B-00C04F79EFBC}") = "OrderService", "OrderService\OrderService.csproj", "{7CAD9EF3-8C0A-4C11-8676-E91B0E42A683}"
EndProject
Project("{FAE04EC0-301F-11D3-BF4B-00C04F79EFBC}") = "ShippingService", "ShippingService\ShippingService.csproj", "{8D94D8E8-7E6A-45EC-AFCA-3DA3CF8F0CF8}"
EndProject
Project("{FAE04EC0-301F-11D3-BF4B-00C04F79EFBC}") = "OrderService.Messages", "OrderService.Messages\OrderService.Messages.csproj", "{90D54D09-4792-4A41-A8FB-82BCDF657AC4}"
EndProject
Global
	GlobalSection(SolutionConfigurationPlatforms) = preSolution
		Debug|Any CPU = Debug|Any CPU
		Release|Any CPU = Release|Any CPU
	EndGlobalSection
	GlobalSection(ProjectConfigurationPlatforms) = postSolution
		{7CAD9EF3-8C0A-4C11-8676-E91B0E42A683}.Debug|Any CPU.ActiveCfg = Debug|Any CPU
		{7CAD9EF3-8C0A-4C11-8676-E91B0E42A683}.Debug|Any CPU.Build.0 = Debug|Any CPU
		{7CAD9EF3-8C0A-4C11-8676-E91B0E42A683}.Release|Any CPU.ActiveCfg = Release|Any CPU
		{7CAD9EF3-8C0A-4C11-8676-E91B0E42A683}.Release|Any CPU.Build.0 = Release|Any CPU
		{8D94D8E8-7E6A-45EC-AFCA-3DA3CF8F0CF8}.Debug|Any CPU.ActiveCfg = Debug|Any CPU
		{8D94D8E8-7E6A-45EC-AFCA-3DA3CF8F0CF8}.Debug|Any CPU.Build.0 = Debug|Any CPU
		{8D94D8E8-7E6A-45EC-AFCA-3DA3CF8F0CF8}.Release|Any CPU.ActiveCfg = Release|Any CPU
		{8D94D8E8-7E6A-45EC-AFCA-3DA3CF8F0CF8}.Release|Any CPU.Build.0 = Release|Any CPU
		{90D54D09-4792-4A41-A8FB-82BCDF657AC4}.Debug|Any CPU.ActiveCfg = Debug|Any CPU
		{90D54D09-4792-4A41-A8FB-82BCDF657AC4}.Debug|Any CPU.Build.0 = Debug|Any CPU
		{90D54D09-4792-4A41-A8FB-82BCDF657AC4}.Release|Any CPU.ActiveCfg = Release|Any CPU
		{90D54D09-4792-4A41-A8FB-82BCDF657AC4}.Release|Any CPU.Build.0 = Release|Any CPU
	EndGlobalSection
	GlobalSection(SolutionProperties) = preSolution
		HideSolutionNode = FALSE
	EndGlobalSection
EndGlobal
